
Microsoft Visual Studio Solution File, Format Version 12.00
# Visual Studio Version 17
VisualStudioVersion = 17.8.34330.188
MinimumVisualStudioVersion = 10.0.40219.1
Project("{9A19103F-16F7-4668-BE54-9A1E7A4F7556}") = "DataGuardian", "DataGuardian\DataGuardian\DataGuardian.csproj", "{EAADBDD7-AB70-499C-8D75-96884BB57EF4}"
EndProject
Project("{9A19103F-16F7-4668-BE54-9A1E7A4F7556}") = "DataGuardian.Client", "DataGuardian\DataGuardian.Client\DataGuardian.Client.csproj", "{AF7A079E-C231-4DB7-9CA4-16F510D29DC3}"
EndProject
Project("{FAE04EC0-301F-11D3-BF4B-00C04F79EFBC}") = "DataGuardLibrary", "DataGuardLibrary\DataGuardLibrary.csproj", "{F1278155-2E93-4F8F-B1E2-EF3C2CDA1E11}"
EndProject
Global
	GlobalSection(SolutionConfigurationPlatforms) = preSolution
		Debug|Any CPU = Debug|Any CPU
		Release|Any CPU = Release|Any CPU
	EndGlobalSection
	GlobalSection(ProjectConfigurationPlatforms) = postSolution
		{EAADBDD7-AB70-499C-8D75-96884BB57EF4}.Debug|Any CPU.ActiveCfg = Debug|Any CPU
		{EAADBDD7-AB70-499C-8D75-96884BB57EF4}.Debug|Any CPU.Build.0 = Debug|Any CPU
		{EAADBDD7-AB70-499C-8D75-96884BB57EF4}.Release|Any CPU.ActiveCfg = Release|Any CPU
		{EAADBDD7-AB70-499C-8D75-96884BB57EF4}.Release|Any CPU.Build.0 = Release|Any CPU
		{AF7A079E-C231-4DB7-9CA4-16F510D29DC3}.Debug|Any CPU.ActiveCfg = Debug|Any CPU
		{AF7A079E-C231-4DB7-9CA4-16F510D29DC3}.Debug|Any CPU.Build.0 = Debug|Any CPU
		{AF7A079E-C231-4DB7-9CA4-16F510D29DC3}.Release|Any CPU.ActiveCfg = Release|Any CPU
		{AF7A079E-C231-4DB7-9CA4-16F510D29DC3}.Release|Any CPU.Build.0 = Release|Any CPU
		{F1278155-2E93-4F8F-B1E2-EF3C2CDA1E11}.Debug|Any CPU.ActiveCfg = Debug|Any CPU
		{F1278155-2E93-4F8F-B1E2-EF3C2CDA1E11}.Debug|Any CPU.Build.0 = Debug|Any CPU
		{F1278155-2E93-4F8F-B1E2-EF3C2CDA1E11}.Release|Any CPU.ActiveCfg = Release|Any CPU
		{F1278155-2E93-4F8F-B1E2-EF3C2CDA1E11}.Release|Any CPU.Build.0 = Release|Any CPU
	EndGlobalSection
	GlobalSection(SolutionProperties) = preSolution
		HideSolutionNode = FALSE
	EndGlobalSection
	GlobalSection(ExtensibilityGlobals) = postSolution
		SolutionGuid = {8D7D501A-9708-41AD-A00A-7DCF10392149}
	EndGlobalSection
EndGlobal
